// !$*UTF8*$!
{
	archiveVersion = 1;
	classes = {
	};
	objectVersion = 46;
	objects = {

/* Begin PBXBuildFile section */
		89DD49341C790BE8002DFBBC /* StatusMenuController.swift in Sources */ = {isa = PBXBuildFile; fileRef = 89DD49331C790BE8002DFBBC /* StatusMenuController.swift */; };
		89DD49361C79154D002DFBBC /* VolumeController.swift in Sources */ = {isa = PBXBuildFile; fileRef = 89DD49351C79154D002DFBBC /* VolumeController.swift */; };
		A50FAC5F1C79897700400F04 /* PreferencesWindowController.swift in Sources */ = {isa = PBXBuildFile; fileRef = A50FAC5E1C79897700400F04 /* PreferencesWindowController.swift */; };
		A50FAC611C7989F800400F04 /* PreferencesWindow.xib in Resources */ = {isa = PBXBuildFile; fileRef = A50FAC601C7989F800400F04 /* PreferencesWindow.xib */; };
		A50FAC631C79AD8100400F04 /* AboutWindow.xib in Resources */ = {isa = PBXBuildFile; fileRef = A50FAC621C79AD8100400F04 /* AboutWindow.xib */; };
		A50FAC681C79AEDA00400F04 /* AboutWindowController.swift in Sources */ = {isa = PBXBuildFile; fileRef = A50FAC661C79AEDA00400F04 /* AboutWindowController.swift */; };
		FACC80511C78F275006E7B46 /* AppDelegate.swift in Sources */ = {isa = PBXBuildFile; fileRef = FACC80501C78F275006E7B46 /* AppDelegate.swift */; };
		FACC80531C78F275006E7B46 /* Assets.xcassets in Resources */ = {isa = PBXBuildFile; fileRef = FACC80521C78F275006E7B46 /* Assets.xcassets */; };
		FACC80561C78F275006E7B46 /* MainMenu.xib in Resources */ = {isa = PBXBuildFile; fileRef = FACC80541C78F275006E7B46 /* MainMenu.xib */; };
/* End PBXBuildFile section */

/* Begin PBXFileReference section */
		89DD49331C790BE8002DFBBC /* StatusMenuController.swift */ = {isa = PBXFileReference; fileEncoding = 4; lastKnownFileType = sourcecode.swift; path = StatusMenuController.swift; sourceTree = "<group>"; };
		89DD49351C79154D002DFBBC /* VolumeController.swift */ = {isa = PBXFileReference; fileEncoding = 4; lastKnownFileType = sourcecode.swift; path = VolumeController.swift; sourceTree = "<group>"; };
		A50FAC5E1C79897700400F04 /* PreferencesWindowController.swift */ = {isa = PBXFileReference; fileEncoding = 4; lastKnownFileType = sourcecode.swift; path = PreferencesWindowController.swift; sourceTree = "<group>"; };
		A50FAC601C7989F800400F04 /* PreferencesWindow.xib */ = {isa = PBXFileReference; fileEncoding = 4; lastKnownFileType = file.xib; path = PreferencesWindow.xib; sourceTree = "<group>"; };
		A50FAC621C79AD8100400F04 /* AboutWindow.xib */ = {isa = PBXFileReference; fileEncoding = 4; lastKnownFileType = file.xib; path = AboutWindow.xib; sourceTree = "<group>"; };
		A50FAC661C79AEDA00400F04 /* AboutWindowController.swift */ = {isa = PBXFileReference; fileEncoding = 4; lastKnownFileType = sourcecode.swift; name = AboutWindowController.swift; path = ../AboutWindowController.swift; sourceTree = "<group>"; };
		FACC804D1C78F275006E7B46 /* f.low.app */ = {isa = PBXFileReference; explicitFileType = wrapper.application; includeInIndex = 0; path = f.low.app; sourceTree = BUILT_PRODUCTS_DIR; };
		FACC80501C78F275006E7B46 /* AppDelegate.swift */ = {isa = PBXFileReference; lastKnownFileType = sourcecode.swift; path = AppDelegate.swift; sourceTree = "<group>"; };
		FACC80521C78F275006E7B46 /* Assets.xcassets */ = {isa = PBXFileReference; lastKnownFileType = folder.assetcatalog; path = Assets.xcassets; sourceTree = "<group>"; };
		FACC80551C78F275006E7B46 /* Base */ = {isa = PBXFileReference; lastKnownFileType = file.xib; name = Base; path = Base.lproj/MainMenu.xib; sourceTree = "<group>"; };
		FACC80571C78F275006E7B46 /* Info.plist */ = {isa = PBXFileReference; lastKnownFileType = text.plist.xml; path = Info.plist; sourceTree = "<group>"; };
/* End PBXFileReference section */

/* Begin PBXFrameworksBuildPhase section */
		FACC804A1C78F275006E7B46 /* Frameworks */ = {
			isa = PBXFrameworksBuildPhase;
			buildActionMask = 2147483647;
			files = (
			);
			runOnlyForDeploymentPostprocessing = 0;
		};
/* End PBXFrameworksBuildPhase section */

/* Begin PBXGroup section */
		FACC80441C78F275006E7B46 = {
			isa = PBXGroup;
			children = (
				FACC804F1C78F275006E7B46 /* f.low */,
				FACC804E1C78F275006E7B46 /* Products */,
			);
			sourceTree = "<group>";
		};
		FACC804E1C78F275006E7B46 /* Products */ = {
			isa = PBXGroup;
			children = (
				FACC804D1C78F275006E7B46 /* f.low.app */,
			);
			name = Products;
			sourceTree = "<group>";
		};
		FACC804F1C78F275006E7B46 /* f.low */ = {
			isa = PBXGroup;
			children = (
				A50FAC661C79AEDA00400F04 /* AboutWindowController.swift */,
				FACC80501C78F275006E7B46 /* AppDelegate.swift */,
				89DD49331C790BE8002DFBBC /* StatusMenuController.swift */,
				A50FAC621C79AD8100400F04 /* AboutWindow.xib */,
				A50FAC5E1C79897700400F04 /* PreferencesWindowController.swift */,
				A50FAC601C7989F800400F04 /* PreferencesWindow.xib */,
				FACC80521C78F275006E7B46 /* Assets.xcassets */,
				89DD49351C79154D002DFBBC /* VolumeController.swift */,
				FACC80571C78F275006E7B46 /* Info.plist */,
				FACC80541C78F275006E7B46 /* MainMenu.xib */,
			);
			path = f.low;
			sourceTree = "<group>";
		};
/* End PBXGroup section */

/* Begin PBXNativeTarget section */
		FACC804C1C78F275006E7B46 /* f.low */ = {
			isa = PBXNativeTarget;
			buildConfigurationList = FACC805A1C78F275006E7B46 /* Build configuration list for PBXNativeTarget "f.low" */;
			buildPhases = (
				FACC80491C78F275006E7B46 /* Sources */,
				FACC804A1C78F275006E7B46 /* Frameworks */,
				FACC804B1C78F275006E7B46 /* Resources */,
			);
			buildRules = (
			);
			dependencies = (
			);
			name = f.low;
			productName = f.low;
			productReference = FACC804D1C78F275006E7B46 /* f.low.app */;
			productType = "com.apple.product-type.application";
		};
/* End PBXNativeTarget section */

/* Begin PBXProject section */
		FACC80451C78F275006E7B46 /* Project object */ = {
			isa = PBXProject;
			attributes = {
				LastSwiftUpdateCheck = 0720;
				LastUpgradeCheck = 0720;
				ORGANIZATIONNAME = "Owen Li";
				TargetAttributes = {
					FACC804C1C78F275006E7B46 = {
						CreatedOnToolsVersion = 7.2.1;
					};
				};
			};
			buildConfigurationList = FACC80481C78F275006E7B46 /* Build configuration list for PBXProject "f.low" */;
			compatibilityVersion = "Xcode 3.2";
			developmentRegion = English;
			hasScannedForEncodings = 0;
			knownRegions = (
				en,
				Base,
			);
			mainGroup = FACC80441C78F275006E7B46;
			productRefGroup = FACC804E1C78F275006E7B46 /* Products */;
			projectDirPath = "";
			projectRoot = "";
			targets = (
				FACC804C1C78F275006E7B46 /* f.low */,
			);
		};
/* End PBXProject section */

/* Begin PBXResourcesBuildPhase section */
		FACC804B1C78F275006E7B46 /* Resources */ = {
			isa = PBXResourcesBuildPhase;
			buildActionMask = 2147483647;
			files = (
				FACC80531C78F275006E7B46 /* Assets.xcassets in Resources */,
				FACC80561C78F275006E7B46 /* MainMenu.xib in Resources */,
				A50FAC611C7989F800400F04 /* PreferencesWindow.xib in Resources */,
				A50FAC631C79AD8100400F04 /* AboutWindow.xib in Resources */,
			);
			runOnlyForDeploymentPostprocessing = 0;
		};
/* End PBXResourcesBuildPhase section */

/* Begin PBXSourcesBuildPhase section */
		FACC80491C78F275006E7B46 /* Sources */ = {
			isa = PBXSourcesBuildPhase;
			buildActionMask = 2147483647;
			files = (
				89DD49341C790BE8002DFBBC /* StatusMenuController.swift in Sources */,
				A50FAC681C79AEDA00400F04 /* AboutWindowController.swift in Sources */,
				89DD49361C79154D002DFBBC /* VolumeController.swift in Sources */,
				A50FAC5F1C79897700400F04 /* PreferencesWindowController.swift in Sources */,
				FACC80511C78F275006E7B46 /* AppDelegate.swift in Sources */,
			);
			runOnlyForDeploymentPostprocessing = 0;
		};
/* End PBXSourcesBuildPhase section */

/* Begin PBXVariantGroup section */
		FACC80541C78F275006E7B46 /* MainMenu.xib */ = {
			isa = PBXVariantGroup;
			children = (
				FACC80551C78F275006E7B46 /* Base */,
			);
			name = MainMenu.xib;
			sourceTree = "<group>";
		};
/* End PBXVariantGroup section */

/* Begin XCBuildConfiguration section */
		FACC80581C78F275006E7B46 /* Debug */ = {
			isa = XCBuildConfiguration;
			buildSettings = {
				ALWAYS_SEARCH_USER_PATHS = NO;
				CLANG_CXX_LANGUAGE_STANDARD = "gnu++0x";
				CLANG_CXX_LIBRARY = "libc++";
				CLANG_ENABLE_MODULES = YES;
				CLANG_ENABLE_OBJC_ARC = YES;
				CLANG_WARN_BOOL_CONVERSION = YES;
				CLANG_WARN_CONSTANT_CONVERSION = YES;
				CLANG_WARN_DIRECT_OBJC_ISA_USAGE = YES_ERROR;
				CLANG_WARN_EMPTY_BODY = YES;
				CLANG_WARN_ENUM_CONVERSION = YES;
				CLANG_WARN_INT_CONVERSION = YES;
				CLANG_WARN_OBJC_ROOT_CLASS = YES_ERROR;
				CLANG_WARN_UNREACHABLE_CODE = YES;
				CLANG_WARN__DUPLICATE_METHOD_MATCH = YES;
				CODE_SIGN_IDENTITY = "-";
				COPY_PHASE_STRIP = NO;
				DEBUG_INFORMATION_FORMAT = dwarf;
				ENABLE_STRICT_OBJC_MSGSEND = YES;
				ENABLE_TESTABILITY = YES;
				GCC_C_LANGUAGE_STANDARD = gnu99;
				GCC_DYNAMIC_NO_PIC = NO;
				GCC_NO_COMMON_BLOCKS = YES;
				GCC_OPTIMIZATION_LEVEL = 0;
				GCC_PREPROCESSOR_DEFINITIONS = (
					"DEBUG=1",
					"$(inherited)",
				);
				GCC_WARN_64_TO_32_BIT_CONVERSION = YES;
				GCC_WARN_ABOUT_RETURN_TYPE = YES_ERROR;
				GCC_WARN_UNDECLARED_SELECTOR = YES;
				GCC_WARN_UNINITIALIZED_AUTOS = YES_AGGRESSIVE;
				GCC_WARN_UNUSED_FUNCTION = YES;
				GCC_WARN_UNUSED_VARIABLE = YES;
				MACOSX_DEPLOYMENT_TARGET = 10.11;
				MTL_ENABLE_DEBUG_INFO = YES;
				ONLY_ACTIVE_ARCH = YES;
				SDKROOT = macosx;
				SWIFT_OPTIMIZATION_LEVEL = "-Onone";
			};
			name = Debug;
		};
		FACC80591C78F275006E7B46 /* Release */ = {
			isa = XCBuildConfiguration;
			buildSettings = {
				ALWAYS_SEARCH_USER_PATHS = NO;
				CLANG_CXX_LANGUAGE_STANDARD = "gnu++0x";
				CLANG_CXX_LIBRARY = "libc++";
				CLANG_ENABLE_MODULES = YES;
				CLANG_ENABLE_OBJC_ARC = YES;
				CLANG_WARN_BOOL_CONVERSION = YES;
				CLANG_WARN_CONSTANT_CONVERSION = YES;
				CLANG_WARN_DIRECT_OBJC_ISA_USAGE = YES_ERROR;
				CLANG_WARN_EMPTY_BODY = YES;
				CLANG_WARN_ENUM_CONVERSION = YES;
				CLANG_WARN_INT_CONVERSION = YES;
				CLANG_WARN_OBJC_ROOT_CLASS = YES_ERROR;
				CLANG_WARN_UNREACHABLE_CODE = YES;
				CLANG_WARN__DUPLICATE_METHOD_MATCH = YES;
				CODE_SIGN_IDENTITY = "-";
				COPY_PHASE_STRIP = NO;
				DEBUG_INFORMATION_FORMAT = "dwarf-with-dsym";
				ENABLE_NS_ASSERTIONS = NO;
				ENABLE_STRICT_OBJC_MSGSEND = YES;
				GCC_C_LANGUAGE_STANDARD = gnu99;
				GCC_NO_COMMON_BLOCKS = YES;
				GCC_WARN_64_TO_32_BIT_CONVERSION = YES;
				GCC_WARN_ABOUT_RETURN_TYPE = YES_ERROR;
				GCC_WARN_UNDECLARED_SELECTOR = YES;
				GCC_WARN_UNINITIALIZED_AUTOS = YES_AGGRESSIVE;
				GCC_WARN_UNUSED_FUNCTION = YES;
				GCC_WARN_UNUSED_VARIABLE = YES;
				MACOSX_DEPLOYMENT_TARGET = 10.11;
				MTL_ENABLE_DEBUG_INFO = NO;
				SDKROOT = macosx;
			};
			name = Release;
		};
		FACC805B1C78F275006E7B46 /* Debug */ = {
			isa = XCBuildConfiguration;
			buildSettings = {
				ASSETCATALOG_COMPILER_APPICON_NAME = AppIcon;
				COMBINE_HIDPI_IMAGES = YES;
				INFOPLIST_FILE = f.low/Info.plist;
				LD_RUNPATH_SEARCH_PATHS = "$(inherited) @executable_path/../Frameworks";
				PRODUCT_BUNDLE_IDENTIFIER = "com.mchacks.f-low";
				PRODUCT_NAME = "$(TARGET_NAME)";
			};
			name = Debug;
		};
		FACC805C1C78F275006E7B46 /* Release */ = {
			isa = XCBuildConfiguration;
			buildSettings = {
				ASSETCATALOG_COMPILER_APPICON_NAME = AppIcon;
				COMBINE_HIDPI_IMAGES = YES;
				INFOPLIST_FILE = f.low/Info.plist;
				LD_RUNPATH_SEARCH_PATHS = "$(inherited) @executable_path/../Frameworks";
				PRODUCT_BUNDLE_IDENTIFIER = "com.mchacks.f-low";
				PRODUCT_NAME = "$(TARGET_NAME)";
			};
			name = Release;
		};
/* End XCBuildConfiguration section */

/* Begin XCConfigurationList section */
		FACC80481C78F275006E7B46 /* Build configuration list for PBXProject "f.low" */ = {
			isa = XCConfigurationList;
			buildConfigurations = (
				FACC80581C78F275006E7B46 /* Debug */,
				FACC80591C78F275006E7B46 /* Release */,
			);
			defaultConfigurationIsVisible = 0;
			defaultConfigurationName = Release;
		};
		FACC805A1C78F275006E7B46 /* Build configuration list for PBXNativeTarget "f.low" */ = {
			isa = XCConfigurationList;
			buildConfigurations = (
				FACC805B1C78F275006E7B46 /* Debug */,
				FACC805C1C78F275006E7B46 /* Release */,
			);
			defaultConfigurationIsVisible = 0;
			defaultConfigurationName = Release;
		};
/* End XCConfigurationList section */
	};
	rootObject = FACC80451C78F275006E7B46 /* Project object */;
}
